PODS:
  - ConfigableCollectionView (1.0.0)

DEPENDENCIES:
  - ConfigableCollectionView (from `../Source`)

EXTERNAL SOURCES:
  ConfigableCollectionView:
    :path: "../Source"

SPEC CHECKSUMS:
  ConfigableCollectionView: db9ccaa1376a68a5a57cbfaef881bbab9a09f71a

PODFILE CHECKSUM: f88f357cb5fdc62d7b381152c5e42ca915e81eb8

COCOAPODS: 1.9.3
